{
  "name": "@pennixrv/windsurf-code-search",
  "version": "0.1.13",
  "lockfileVersion": 3,
  "requires": true,
  "packages": {
    "": {
      "name": "@pennixrv/windsurf-code-search",
      "version": "0.1.13",
      "license": "MIT",
      "bin": {
        "windsurf-code-search": "bin/windsurf-code-search"
      },
      "engines": {
        "node": ">=20"
      }
    }
  }
}
